github.com/gin-contrib/cors v0.0.0-20170318125340-cf4846e6a636 h1:oGgJA7DJphAc81EMHZ+2G7Ai2xyg5eoq7bbqzCsiWFc=
github.com/gin-contrib/cors v0.0.0-20170318125340-cf4846e6a636/go.mod h1:cw+u9IsAkC16e42NtYYVCLsHYXE98nB3M7Dr9mLSeH4=
github.com/gin-contrib/location v0.0.0-20170917021833-5220ebf8be6c h1:OMkmq7qKGlrjQF/sSeCA41To6ONhpEJLxWLTwwDeymk=
github.com/gin-contrib/location v0.0.0-20170917021833-5220ebf8be6c/go.mod h1:hKyXFjWkP63L1k8K28bfMTjbFA5bwcATMRsnsBmAyVA=
github.com/gin-contrib/sse v0.0.0-20170109093832-22d885f9ecc7 h1:AzN37oI0cOS+cougNAV9szl6CVoj2RYwzS3DpUQNtlY=
github.com/gin-contrib/sse v0.0.0-20170109093832-22d885f9ecc7/go.mod h1:VJ0WA2NBN22VlZ2dKZQPAPnyWw5XTlK1KymzLKsr59s=
github.com/gin-gonic/gin v0.0.0-20170702092826-d459835d2b07 h1:cZPJWzd2oNeoS0oJM2TlN9rl0OnCgUr10gC8Q4mH+6M=
github.com/gin-gonic/gin v0.0.0-20170702092826-d459835d2b07/go.mod h1:7cKuhb5qV2ggCFctp2fJQ+ErvciLZrIeoOSOm6mUr7Y=
github.com/golang/protobuf v0.0.0-20171021043952-1643683e1b54 h1:nRNJXiJvemchkOTn0V4U11TZkvacB94gTzbTZbSA7Rw=
github.com/golang/protobuf v0.0.0-20171021043952-1643683e1b54/go.mod h1:6lQm79b+lXiMfvg/cZm0SGofjICqVBUtrP5yJMmIC1U=
github.com/ibogdan94/pdf_form_generator v0.0.0-20171205111247-335b9f7f1122 h1:0DoYtrrSz/B3W75vtjGGkPQuvfCI8M/W1p4YRdeaAYw=
github.com/ibogdan94/pdf_form_generator v0.0.0-20171205111247-335b9f7f1122/go.mod h1:IkWkWYQ3ILqbxuFVsQfOl5Sp7+F3TJkcinFMjaCXJ80=
github.com/mattn/go-isatty v0.0.3 h1:ns/ykhmWi7G9O+8a448SecJU3nSMBXJfqQkl0upE1jI=
github.com/mattn/go-isatty v0.0.3/go.mod h1:M+lRXTBqGeGNdLjl/ufCoiOlB5xdOkqRJdNxMWT7Zi4=
github.com/ugorji/go v0.0.0-20171030155333-d03304bb1d83 h1:BB0GCzzy6LQanGN1JKvvncRsw7xLD4+8X3knFZGYvX0=
github.com/ugorji/go v0.0.0-20171030155333-d03304bb1d83/go.mod h1:hnLbHMwcvSihnDhEfx2/BzKp2xb0Y+ErdfYcrs9tkJQ=
github.com/unidoc/unidoc v2.0.1+incompatible h1:IwNeWnUTacFQzYCRzHQj+33zOsbjtHMa+Ukw/1T+Xh8=
github.com/unidoc/unidoc v2.0.1+incompatible/go.mod h1:xz5DRu10sgNndY6/LrqtXytidQ/aXastVtkIVSxIj3Q=
golang.org/x/image v0.0.0-20171013013600-f7e31b4ea2e3 h1:L6cQLB9ACjmD4fJ8SQ7pQQoxbYfaBGu2SYbMqWYVIOs=
golang.org/x/image v0.0.0-20171013013600-f7e31b4ea2e3/go.mod h1:ux5Hcp/YLpHSI86hEcLt0YII63i6oz57MZXIpbrjZUs=
golang.org/x/sys v0.0.0-20171031081856-95c657629925/go.mod h1:STP8DvDyc/dI5b8T5hshtkjS+E42TnysNCUPdjciGhY=
gopkg.in/go-playground/validator.v8 v8.18.2 h1:lFB4DoMU6B626w8ny76MV7VX6W2VHct2GVOI3xgiMrQ=
gopkg.in/go-playground/validator.v8 v8.18.2/go.mod h1:RX2a/7Ha8BgOhfk7j780h4/u/RRjR0eouCJSH80/M2Y=
gopkg.in/gographics/imagick.v3 v3.1.1 h1:+K+df87GfC6MrTkE1iGtm20JUo9N77XLqpw0b+Q/U5o=
gopkg.in/gographics/imagick.v3 v3.1.1/go.mod h1:HbW83cYCl1jftZi3B/VZpVqsuNi4vW7qUrghjxBiT+8=
gopkg.in/yaml.v2 v2.0.0-20170812160011-eb3733d160e7 h1:+t9dhfO+GNOIGJof6kPOAenx7YgrZMTdRPV+EsnPabk=
gopkg.in/yaml.v2 v2.0.0-20170812160011-eb3733d160e7/go.mod h1:JAlM8MvJe8wmxCU4Bli9HhUf9+ttbYbLASfIpnQbh74=
