# This file is autogenerated, do not edit; changes may be undone by the next 'dep ensure'.


[[projects]]
  name = "github.com/gin-contrib/cors"
  packages = ["."]
  revision = "cf4846e6a636a76237a28d9286f163c132e841bc"
  version = "v1.2"

[[projects]]
  branch = "master"
  name = "github.com/gin-contrib/location"
  packages = ["."]
  revision = "5220ebf8be6c350431168cbd884f2c0ace0e3f4c"

[[projects]]
  branch = "master"
  name = "github.com/gin-contrib/sse"
  packages = ["."]
  revision = "22d885f9ecc78bf4ee5d72b937e4bbcdc58e8cae"

[[projects]]
  name = "github.com/gin-gonic/gin"
  packages = [".","binding","render"]
  revision = "d459835d2b077e44f7c9b453505ee29881d5d12d"
  version = "v1.2"

[[projects]]
  branch = "master"
  name = "github.com/golang/protobuf"
  packages = ["proto"]
  revision = "1643683e1b54a9e88ad26d98f81400c8c9d9f4f9"

[[projects]]
  name = "github.com/mattn/go-isatty"
  packages = ["."]
  revision = "0360b2af4f38e8d38c7fce2a9f4e702702d73a39"
  version = "v0.0.3"

[[projects]]
  branch = "master"
  name = "github.com/ugorji/go"
  packages = ["codec"]
  revision = "d03304bb1d83c196fd3017dca37e89a4504b3676"

[[projects]]
  name = "github.com/unidoc/unidoc"
  packages = ["common","common/license","pdf/contentstream","pdf/contentstream/draw","pdf/core","pdf/creator","pdf/model","pdf/model/fonts","pdf/model/sampling","pdf/model/textencoding","pdf/ps"]
  revision = "144fa3f75be7cab29ecd8d3bfb9673fcc649f372"
  version = "v2.0.1"

[[projects]]
  branch = "master"
  name = "golang.org/x/image"
  packages = ["tiff/lzw"]
  revision = "f7e31b4ea2e3413ab91b4e7d2dc83e5f8d19a44c"

[[projects]]
  branch = "master"
  name = "golang.org/x/sys"
  packages = ["unix"]
  revision = "95c6576299259db960f6c5b9b69ea52422860fce"

[[projects]]
  name = "gopkg.in/go-playground/validator.v8"
  packages = ["."]
  revision = "5f1438d3fca68893a817e4a66806cea46a9e4ebf"
  version = "v8.18.2"

[[projects]]
  name = "gopkg.in/gographics/imagick.v3"
  packages = ["imagick","imagick/types"]
  revision = "b231e622f10dba6f961e73e1b3ce0b55cc39f831"
  version = "v3.1.1"

[[projects]]
  branch = "v2"
  name = "gopkg.in/yaml.v2"
  packages = ["."]
  revision = "eb3733d160e74a9c7e442f435eb3bea458e1d19f"

[solve-meta]
  analyzer-name = "dep"
  analyzer-version = 1
  inputs-digest = "90ae0551562e6443d76effdc668808e368b1871b6ede0283cdbee4dc4faf954f"
  solver-name = "gps-cdcl"
  solver-version = 1
